// !$*UTF8*$!
{
	archiveVersion = 1;
	classes = {
	};
	objectVersion = 56;
	objects = {

/* Begin PBXBuildFile section */
		9A3CD0282999FB6400659B63 /* AppDelegate.swift in Sources */ = {isa = PBXBuildFile; fileRef = 9A3CD0272999FB6400659B63 /* AppDelegate.swift */; };
		9A3CD02A2999FB6400659B63 /* SceneDelegate.swift in Sources */ = {isa = PBXBuildFile; fileRef = 9A3CD0292999FB6400659B63 /* SceneDelegate.swift */; };
		9A3CD02C2999FB6400659B63 /* ViewController.swift in Sources */ = {isa = PBXBuildFile; fileRef = 9A3CD02B2999FB6400659B63 /* ViewController.swift */; };
		9A3CD02F2999FB6400659B63 /* Main.storyboard in Resources */ = {isa = PBXBuildFile; fileRef = 9A3CD02D2999FB6400659B63 /* Main.storyboard */; };
		9A3CD0322999FB6400659B63 /* Giphy.xcdatamodeld in Sources */ = {isa = PBXBuildFile; fileRef = 9A3CD0302999FB6400659B63 /* Giphy.xcdatamodeld */; };
		9A3CD0342999FB6800659B63 /* Assets.xcassets in Resources */ = {isa = PBXBuildFile; fileRef = 9A3CD0332999FB6800659B63 /* Assets.xcassets */; };
		9A3CD0372999FB6800659B63 /* LaunchScreen.storyboard in Resources */ = {isa = PBXBuildFile; fileRef = 9A3CD0352999FB6800659B63 /* LaunchScreen.storyboard */; };
		9A3CD0422999FB6900659B63 /* GiphyTests.swift in Sources */ = {isa = PBXBuildFile; fileRef = 9A3CD0412999FB6900659B63 /* GiphyTests.swift */; };
		9A3CD04C2999FB6900659B63 /* GiphyUITests.swift in Sources */ = {isa = PBXBuildFile; fileRef = 9A3CD04B2999FB6900659B63 /* GiphyUITests.swift */; };
		9A3CD04E2999FB6900659B63 /* GiphyUITestsLaunchTests.swift in Sources */ = {isa = PBXBuildFile; fileRef = 9A3CD04D2999FB6900659B63 /* GiphyUITestsLaunchTests.swift */; };
/* End PBXBuildFile section */

/* Begin PBXContainerItemProxy section */
		9A3CD03E2999FB6900659B63 /* PBXContainerItemProxy */ = {
			isa = PBXContainerItemProxy;
			containerPortal = 9A3CD01C2999FB6400659B63 /* Project object */;
			proxyType = 1;
			remoteGlobalIDString = 9A3CD0232999FB6400659B63;
			remoteInfo = Giphy;
		};
		9A3CD0482999FB6900659B63 /* PBXContainerItemProxy */ = {
			isa = PBXContainerItemProxy;
			containerPortal = 9A3CD01C2999FB6400659B63 /* Project object */;
			proxyType = 1;
			remoteGlobalIDString = 9A3CD0232999FB6400659B63;
			remoteInfo = Giphy;
		};
/* End PBXContainerItemProxy section */

/* Begin PBXFileReference section */
		9A3CD0242999FB6400659B63 /* Giphy.app */ = {isa = PBXFileReference; explicitFileType = wrapper.application; includeInIndex = 0; path = Giphy.app; sourceTree = BUILT_PRODUCTS_DIR; };
		9A3CD0272999FB6400659B63 /* AppDelegate.swift */ = {isa = PBXFileReference; lastKnownFileType = sourcecode.swift; path = AppDelegate.swift; sourceTree = "<group>"; };
		9A3CD0292999FB6400659B63 /* SceneDelegate.swift */ = {isa = PBXFileReference; lastKnownFileType = sourcecode.swift; path = SceneDelegate.swift; sourceTree = "<group>"; };
		9A3CD02B2999FB6400659B63 /* ViewController.swift */ = {isa = PBXFileReference; lastKnownFileType = sourcecode.swift; path = ViewController.swift; sourceTree = "<group>"; };
		9A3CD02E2999FB6400659B63 /* Base */ = {isa = PBXFileReference; lastKnownFileType = file.storyboard; name = Base; path = Base.lproj/Main.storyboard; sourceTree = "<group>"; };
		9A3CD0312999FB6400659B63 /* Giphy.xcdatamodel */ = {isa = PBXFileReference; lastKnownFileType = wrapper.xcdatamodel; path = Giphy.xcdatamodel; sourceTree = "<group>"; };
		9A3CD0332999FB6800659B63 /* Assets.xcassets */ = {isa = PBXFileReference; lastKnownFileType = folder.assetcatalog; path = Assets.xcassets; sourceTree = "<group>"; };
		9A3CD0362999FB6800659B63 /* Base */ = {isa = PBXFileReference; lastKnownFileType = file.storyboard; name = Base; path = Base.lproj/LaunchScreen.storyboard; sourceTree = "<group>"; };
		9A3CD0382999FB6800659B63 /* Info.plist */ = {isa = PBXFileReference; lastKnownFileType = text.plist.xml; path = Info.plist; sourceTree = "<group>"; };
		9A3CD03D2999FB6900659B63 /* GiphyTests.xctest */ = {isa = PBXFileReference; explicitFileType = wrapper.cfbundle; includeInIndex = 0; path = GiphyTests.xctest; sourceTree = BUILT_PRODUCTS_DIR; };
		9A3CD0412999FB6900659B63 /* GiphyTests.swift */ = {isa = PBXFileReference; lastKnownFileType = sourcecode.swift; path = GiphyTests.swift; sourceTree = "<group>"; };
		9A3CD0472999FB6900659B63 /* GiphyUITests.xctest */ = {isa = PBXFileReference; explicitFileType = wrapper.cfbundle; includeInIndex = 0; path = GiphyUITests.xctest; sourceTree = BUILT_PRODUCTS_DIR; };
		9A3CD04B2999FB6900659B63 /* GiphyUITests.swift */ = {isa = PBXFileReference; lastKnownFileType = sourcecode.swift; path = GiphyUITests.swift; sourceTree = "<group>"; };
		9A3CD04D2999FB6900659B63 /* GiphyUITestsLaunchTests.swift */ = {isa = PBXFileReference; lastKnownFileType = sourcecode.swift; path = GiphyUITestsLaunchTests.swift; sourceTree = "<group>"; };
/* End PBXFileReference section */

/* Begin PBXFrameworksBuildPhase section */
		9A3CD0212999FB6400659B63 /* Frameworks */ = {
			isa = PBXFrameworksBuildPhase;
			buildActionMask = 2147483647;
			files = (
			);
			runOnlyForDeploymentPostprocessing = 0;
		};
		9A3CD03A2999FB6900659B63 /* Frameworks */ = {
			isa = PBXFrameworksBuildPhase;
			buildActionMask = 2147483647;
			files = (
			);
			runOnlyForDeploymentPostprocessing = 0;
		};
		9A3CD0442999FB6900659B63 /* Frameworks */ = {
			isa = PBXFrameworksBuildPhase;
			buildActionMask = 2147483647;
			files = (
			);
			runOnlyForDeploymentPostprocessing = 0;
		};
/* End PBXFrameworksBuildPhase section */

/* Begin PBXGroup section */
		9A3CD01B2999FB6400659B63 = {
			isa = PBXGroup;
			children = (
				9A3CD0262999FB6400659B63 /* Giphy */,
				9A3CD0402999FB6900659B63 /* GiphyTests */,
				9A3CD04A2999FB6900659B63 /* GiphyUITests */,
				9A3CD0252999FB6400659B63 /* Products */,
			);
			sourceTree = "<group>";
		};
		9A3CD0252999FB6400659B63 /* Products */ = {
			isa = PBXGroup;
			children = (
				9A3CD0242999FB6400659B63 /* Giphy.app */,
				9A3CD03D2999FB6900659B63 /* GiphyTests.xctest */,
				9A3CD0472999FB6900659B63 /* GiphyUITests.xctest */,
			);
			name = Products;
			sourceTree = "<group>";
		};
		9A3CD0262999FB6400659B63 /* Giphy */ = {
			isa = PBXGroup;
			children = (
				9A3CD0272999FB6400659B63 /* AppDelegate.swift */,
				9A3CD0292999FB6400659B63 /* SceneDelegate.swift */,
				9A3CD02B2999FB6400659B63 /* ViewController.swift */,
				9A3CD02D2999FB6400659B63 /* Main.storyboard */,
				9A3CD0332999FB6800659B63 /* Assets.xcassets */,
				9A3CD0352999FB6800659B63 /* LaunchScreen.storyboard */,
				9A3CD0382999FB6800659B63 /* Info.plist */,
				9A3CD0302999FB6400659B63 /* Giphy.xcdatamodeld */,
			);
			path = Giphy;
			sourceTree = "<group>";
		};
		9A3CD0402999FB6900659B63 /* GiphyTests */ = {
			isa = PBXGroup;
			children = (
				9A3CD0412999FB6900659B63 /* GiphyTests.swift */,
			);
			path = GiphyTests;
			sourceTree = "<group>";
		};
		9A3CD04A2999FB6900659B63 /* GiphyUITests */ = {
			isa = PBXGroup;
			children = (
				9A3CD04B2999FB6900659B63 /* GiphyUITests.swift */,
				9A3CD04D2999FB6900659B63 /* GiphyUITestsLaunchTests.swift */,
			);
			path = GiphyUITests;
			sourceTree = "<group>";
		};
/* End PBXGroup section */

/* Begin PBXNativeTarget section */
		9A3CD0232999FB6400659B63 /* Giphy */ = {
			isa = PBXNativeTarget;
			buildConfigurationList = 9A3CD0512999FB6900659B63 /* Build configuration list for PBXNativeTarget "Giphy" */;
			buildPhases = (
				9A3CD0202999FB6400659B63 /* Sources */,
				9A3CD0212999FB6400659B63 /* Frameworks */,
				9A3CD0222999FB6400659B63 /* Resources */,
			);
			buildRules = (
			);
			dependencies = (
			);
			name = Giphy;
			productName = Giphy;
			productReference = 9A3CD0242999FB6400659B63 /* Giphy.app */;
			productType = "com.apple.product-type.application";
		};
		9A3CD03C2999FB6900659B63 /* GiphyTests */ = {
			isa = PBXNativeTarget;
			buildConfigurationList = 9A3CD0542999FB6900659B63 /* Build configuration list for PBXNativeTarget "GiphyTests" */;
			buildPhases = (
				9A3CD0392999FB6900659B63 /* Sources */,
				9A3CD03A2999FB6900659B63 /* Frameworks */,
				9A3CD03B2999FB6900659B63 /* Resources */,
			);
			buildRules = (
			);
			dependencies = (
				9A3CD03F2999FB6900659B63 /* PBXTargetDependency */,
			);
			name = GiphyTests;
			productName = GiphyTests;
			productReference = 9A3CD03D2999FB6900659B63 /* GiphyTests.xctest */;
			productType = "com.apple.product-type.bundle.unit-test";
		};
		9A3CD0462999FB6900659B63 /* GiphyUITests */ = {
			isa = PBXNativeTarget;
			buildConfigurationList = 9A3CD0572999FB6900659B63 /* Build configuration list for PBXNativeTarget "GiphyUITests" */;
			buildPhases = (
				9A3CD0432999FB6900659B63 /* Sources */,
				9A3CD0442999FB6900659B63 /* Frameworks */,
				9A3CD0452999FB6900659B63 /* Resources */,
			);
			buildRules = (
			);
			dependencies = (
				9A3CD0492999FB6900659B63 /* PBXTargetDependency */,
			);
			name = GiphyUITests;
			productName = GiphyUITests;
			productReference = 9A3CD0472999FB6900659B63 /* GiphyUITests.xctest */;
			productType = "com.apple.product-type.bundle.ui-testing";
		};
/* End PBXNativeTarget section */

/* Begin PBXProject section */
		9A3CD01C2999FB6400659B63 /* Project object */ = {
			isa = PBXProject;
			attributes = {
				BuildIndependentTargetsInParallel = 1;
				LastSwiftUpdateCheck = 1420;
				LastUpgradeCheck = 1420;
				TargetAttributes = {
					9A3CD0232999FB6400659B63 = {
						CreatedOnToolsVersion = 14.2;
					};
					9A3CD03C2999FB6900659B63 = {
						CreatedOnToolsVersion = 14.2;
						TestTargetID = 9A3CD0232999FB6400659B63;
					};
					9A3CD0462999FB6900659B63 = {
						CreatedOnToolsVersion = 14.2;
						TestTargetID = 9A3CD0232999FB6400659B63;
					};
				};
			};
			buildConfigurationList = 9A3CD01F2999FB6400659B63 /* Build configuration list for PBXProject "Giphy" */;
			compatibilityVersion = "Xcode 14.0";
			developmentRegion = en;
			hasScannedForEncodings = 0;
			knownRegions = (
				en,
				Base,
			);
			mainGroup = 9A3CD01B2999FB6400659B63;
			productRefGroup = 9A3CD0252999FB6400659B63 /* Products */;
			projectDirPath = "";
			projectRoot = "";
			targets = (
				9A3CD0232999FB6400659B63 /* Giphy */,
				9A3CD03C2999FB6900659B63 /* GiphyTests */,
				9A3CD0462999FB6900659B63 /* GiphyUITests */,
			);
		};
/* End PBXProject section */

/* Begin PBXResourcesBuildPhase section */
		9A3CD0222999FB6400659B63 /* Resources */ = {
			isa = PBXResourcesBuildPhase;
			buildActionMask = 2147483647;
			files = (
				9A3CD0372999FB6800659B63 /* LaunchScreen.storyboard in Resources */,
				9A3CD0342999FB6800659B63 /* Assets.xcassets in Resources */,
				9A3CD02F2999FB6400659B63 /* Main.storyboard in Resources */,
			);
			runOnlyForDeploymentPostprocessing = 0;
		};
		9A3CD03B2999FB6900659B63 /* Resources */ = {
			isa = PBXResourcesBuildPhase;
			buildActionMask = 2147483647;
			files = (
			);
			runOnlyForDeploymentPostprocessing = 0;
		};
		9A3CD0452999FB6900659B63 /* Resources */ = {
			isa = PBXResourcesBuildPhase;
			buildActionMask = 2147483647;
			files = (
			);
			runOnlyForDeploymentPostprocessing = 0;
		};
/* End PBXResourcesBuildPhase section */

/* Begin PBXSourcesBuildPhase section */
		9A3CD0202999FB6400659B63 /* Sources */ = {
			isa = PBXSourcesBuildPhase;
			buildActionMask = 2147483647;
			files = (
				9A3CD02C2999FB6400659B63 /* ViewController.swift in Sources */,
				9A3CD0282999FB6400659B63 /* AppDelegate.swift in Sources */,
				9A3CD02A2999FB6400659B63 /* SceneDelegate.swift in Sources */,
				9A3CD0322999FB6400659B63 /* Giphy.xcdatamodeld in Sources */,
			);
			runOnlyForDeploymentPostprocessing = 0;
		};
		9A3CD0392999FB6900659B63 /* Sources */ = {
			isa = PBXSourcesBuildPhase;
			buildActionMask = 2147483647;
			files = (
				9A3CD0422999FB6900659B63 /* GiphyTests.swift in Sources */,
			);
			runOnlyForDeploymentPostprocessing = 0;
		};
		9A3CD0432999FB6900659B63 /* Sources */ = {
			isa = PBXSourcesBuildPhase;
			buildActionMask = 2147483647;
			files = (
				9A3CD04E2999FB6900659B63 /* GiphyUITestsLaunchTests.swift in Sources */,
				9A3CD04C2999FB6900659B63 /* GiphyUITests.swift in Sources */,
			);
			runOnlyForDeploymentPostprocessing = 0;
		};
/* End PBXSourcesBuildPhase section */

/* Begin PBXTargetDependency section */
		9A3CD03F2999FB6900659B63 /* PBXTargetDependency */ = {
			isa = PBXTargetDependency;
			target = 9A3CD0232999FB6400659B63 /* Giphy */;
			targetProxy = 9A3CD03E2999FB6900659B63 /* PBXContainerItemProxy */;
		};
		9A3CD0492999FB6900659B63 /* PBXTargetDependency */ = {
			isa = PBXTargetDependency;
			target = 9A3CD0232999FB6400659B63 /* Giphy */;
			targetProxy = 9A3CD0482999FB6900659B63 /* PBXContainerItemProxy */;
		};
/* End PBXTargetDependency section */

/* Begin PBXVariantGroup section */
		9A3CD02D2999FB6400659B63 /* Main.storyboard */ = {
			isa = PBXVariantGroup;
			children = (
				9A3CD02E2999FB6400659B63 /* Base */,
			);
			name = Main.storyboard;
			sourceTree = "<group>";
		};
		9A3CD0352999FB6800659B63 /* LaunchScreen.storyboard */ = {
			isa = PBXVariantGroup;
			children = (
				9A3CD0362999FB6800659B63 /* Base */,
			);
			name = LaunchScreen.storyboard;
			sourceTree = "<group>";
		};
/* End PBXVariantGroup section */

/* Begin XCBuildConfiguration section */
		9A3CD04F2999FB6900659B63 /* Debug */ = {
			isa = XCBuildConfiguration;
			buildSettings = {
				ALWAYS_SEARCH_USER_PATHS = NO;
				CLANG_ANALYZER_NONNULL = YES;
				CLANG_ANALYZER_NUMBER_OBJECT_CONVERSION = YES_AGGRESSIVE;
				CLANG_CXX_LANGUAGE_STANDARD = "gnu++20";
				CLANG_ENABLE_MODULES = YES;
				CLANG_ENABLE_OBJC_ARC = YES;
				CLANG_ENABLE_OBJC_WEAK = YES;
				CLANG_WARN_BLOCK_CAPTURE_AUTORELEASING = YES;
				CLANG_WARN_BOOL_CONVERSION = YES;
				CLANG_WARN_COMMA = YES;
				CLANG_WARN_CONSTANT_CONVERSION = YES;
				CLANG_WARN_DEPRECATED_OBJC_IMPLEMENTATIONS = YES;
				CLANG_WARN_DIRECT_OBJC_ISA_USAGE = YES_ERROR;
				CLANG_WARN_DOCUMENTATION_COMMENTS = YES;
				CLANG_WARN_EMPTY_BODY = YES;
				CLANG_WARN_ENUM_CONVERSION = YES;
				CLANG_WARN_INFINITE_RECURSION = YES;
				CLANG_WARN_INT_CONVERSION = YES;
				CLANG_WARN_NON_LITERAL_NULL_CONVERSION = YES;
				CLANG_WARN_OBJC_IMPLICIT_RETAIN_SELF = YES;
				CLANG_WARN_OBJC_LITERAL_CONVERSION = YES;
				CLANG_WARN_OBJC_ROOT_CLASS = YES_ERROR;
				CLANG_WARN_QUOTED_INCLUDE_IN_FRAMEWORK_HEADER = YES;
				CLANG_WARN_RANGE_LOOP_ANALYSIS = YES;
				CLANG_WARN_STRICT_PROTOTYPES = YES;
				CLANG_WARN_SUSPICIOUS_MOVE = YES;
				CLANG_WARN_UNGUARDED_AVAILABILITY = YES_AGGRESSIVE;
				CLANG_WARN_UNREACHABLE_CODE = YES;
				CLANG_WARN__DUPLICATE_METHOD_MATCH = YES;
				COPY_PHASE_STRIP = NO;
				DEBUG_INFORMATION_FORMAT = dwarf;
				ENABLE_STRICT_OBJC_MSGSEND = YES;
				ENABLE_TESTABILITY = YES;
				GCC_C_LANGUAGE_STANDARD = gnu11;
				GCC_DYNAMIC_NO_PIC = NO;
				GCC_NO_COMMON_BLOCKS = YES;
				GCC_OPTIMIZATION_LEVEL = 0;
				GCC_PREPROCESSOR_DEFINITIONS = (
					"DEBUG=1",
					"$(inherited)",
				);
				GCC_WARN_64_TO_32_BIT_CONVERSION = YES;
				GCC_WARN_ABOUT_RETURN_TYPE = YES_ERROR;
				GCC_WARN_UNDECLARED_SELECTOR = YES;
				GCC_WARN_UNINITIALIZED_AUTOS = YES_AGGRESSIVE;
				GCC_WARN_UNUSED_FUNCTION = YES;
				GCC_WARN_UNUSED_VARIABLE = YES;
				IPHONEOS_DEPLOYMENT_TARGET = 16.2;
				MTL_ENABLE_DEBUG_INFO = INCLUDE_SOURCE;
				MTL_FAST_MATH = YES;
				ONLY_ACTIVE_ARCH = YES;
				SDKROOT = iphoneos;
				SWIFT_ACTIVE_COMPILATION_CONDITIONS = DEBUG;
				SWIFT_OPTIMIZATION_LEVEL = "-Onone";
			};
			name = Debug;
		};
		9A3CD0502999FB6900659B63 /* Release */ = {
			isa = XCBuildConfiguration;
			buildSettings = {
				ALWAYS_SEARCH_USER_PATHS = NO;
				CLANG_ANALYZER_NONNULL = YES;
				CLANG_ANALYZER_NUMBER_OBJECT_CONVERSION = YES_AGGRESSIVE;
				CLANG_CXX_LANGUAGE_STANDARD = "gnu++20";
				CLANG_ENABLE_MODULES = YES;
				CLANG_ENABLE_OBJC_ARC = YES;
				CLANG_ENABLE_OBJC_WEAK = YES;
				CLANG_WARN_BLOCK_CAPTURE_AUTORELEASING = YES;
				CLANG_WARN_BOOL_CONVERSION = YES;
				CLANG_WARN_COMMA = YES;
				CLANG_WARN_CONSTANT_CONVERSION = YES;
				CLANG_WARN_DEPRECATED_OBJC_IMPLEMENTATIONS = YES;
				CLANG_WARN_DIRECT_OBJC_ISA_USAGE = YES_ERROR;
				CLANG_WARN_DOCUMENTATION_COMMENTS = YES;
				CLANG_WARN_EMPTY_BODY = YES;
				CLANG_WARN_ENUM_CONVERSION = YES;
				CLANG_WARN_INFINITE_RECURSION = YES;
				CLANG_WARN_INT_CONVERSION = YES;
				CLANG_WARN_NON_LITERAL_NULL_CONVERSION = YES;
				CLANG_WARN_OBJC_IMPLICIT_RETAIN_SELF = YES;
				CLANG_WARN_OBJC_LITERAL_CONVERSION = YES;
				CLANG_WARN_OBJC_ROOT_CLASS = YES_ERROR;
				CLANG_WARN_QUOTED_INCLUDE_IN_FRAMEWORK_HEADER = YES;
				CLANG_WARN_RANGE_LOOP_ANALYSIS = YES;
				CLANG_WARN_STRICT_PROTOTYPES = YES;
				CLANG_WARN_SUSPICIOUS_MOVE = YES;
				CLANG_WARN_UNGUARDED_AVAILABILITY = YES_AGGRESSIVE;
				CLANG_WARN_UNREACHABLE_CODE = YES;
				CLANG_WARN__DUPLICATE_METHOD_MATCH = YES;
				COPY_PHASE_STRIP = NO;
				DEBUG_INFORMATION_FORMAT = "dwarf-with-dsym";
				ENABLE_NS_ASSERTIONS = NO;
				ENABLE_STRICT_OBJC_MSGSEND = YES;
				GCC_C_LANGUAGE_STANDARD = gnu11;
				GCC_NO_COMMON_BLOCKS = YES;
				GCC_WARN_64_TO_32_BIT_CONVERSION = YES;
				GCC_WARN_ABOUT_RETURN_TYPE = YES_ERROR;
				GCC_WARN_UNDECLARED_SELECTOR = YES;
				GCC_WARN_UNINITIALIZED_AUTOS = YES_AGGRESSIVE;
				GCC_WARN_UNUSED_FUNCTION = YES;
				GCC_WARN_UNUSED_VARIABLE = YES;
				IPHONEOS_DEPLOYMENT_TARGET = 16.2;
				MTL_ENABLE_DEBUG_INFO = NO;
				MTL_FAST_MATH = YES;
				SDKROOT = iphoneos;
				SWIFT_COMPILATION_MODE = wholemodule;
				SWIFT_OPTIMIZATION_LEVEL = "-O";
				VALIDATE_PRODUCT = YES;
			};
			name = Release;
		};
		9A3CD0522999FB6900659B63 /* Debug */ = {
			isa = XCBuildConfiguration;
			buildSettings = {
				ASSETCATALOG_COMPILER_APPICON_NAME = AppIcon;
				ASSETCATALOG_COMPILER_GLOBAL_ACCENT_COLOR_NAME = AccentColor;
				CODE_SIGN_STYLE = Automatic;
				CURRENT_PROJECT_VERSION = 1;
				GENERATE_INFOPLIST_FILE = YES;
				INFOPLIST_FILE = Giphy/Info.plist;
				INFOPLIST_KEY_UIApplicationSupportsIndirectInputEvents = YES;
				INFOPLIST_KEY_UILaunchStoryboardName = LaunchScreen;
				INFOPLIST_KEY_UIMainStoryboardFile = Main;
				INFOPLIST_KEY_UISupportedInterfaceOrientations_iPad = "UIInterfaceOrientationPortrait UIInterfaceOrientationPortraitUpsideDown UIInterfaceOrientationLandscapeLeft UIInterfaceOrientationLandscapeRight";
				INFOPLIST_KEY_UISupportedInterfaceOrientations_iPhone = "UIInterfaceOrientationPortrait UIInterfaceOrientationLandscapeLeft UIInterfaceOrientationLandscapeRight";
				LD_RUNPATH_SEARCH_PATHS = (
					"$(inherited)",
					"@executable_path/Frameworks",
				);
				MARKETING_VERSION = 1.0;
				PRODUCT_BUNDLE_IDENTIFIER = "Docquity-Intern.Giphy";
				PRODUCT_NAME = "$(TARGET_NAME)";
				SWIFT_EMIT_LOC_STRINGS = YES;
				SWIFT_VERSION = 5.0;
				TARGETED_DEVICE_FAMILY = "1,2";
			};
			name = Debug;
		};
		9A3CD0532999FB6900659B63 /* Release */ = {
			isa = XCBuildConfiguration;
			buildSettings = {
				ASSETCATALOG_COMPILER_APPICON_NAME = AppIcon;
				ASSETCATALOG_COMPILER_GLOBAL_ACCENT_COLOR_NAME = AccentColor;
				CODE_SIGN_STYLE = Automatic;
				CURRENT_PROJECT_VERSION = 1;
				GENERATE_INFOPLIST_FILE = YES;
				INFOPLIST_FILE = Giphy/Info.plist;
				INFOPLIST_KEY_UIApplicationSupportsIndirectInputEvents = YES;
				INFOPLIST_KEY_UILaunchStoryboardName = LaunchScreen;
				INFOPLIST_KEY_UIMainStoryboardFile = Main;
				INFOPLIST_KEY_UISupportedInterfaceOrientations_iPad = "UIInterfaceOrientationPortrait UIInterfaceOrientationPortraitUpsideDown UIInterfaceOrientationLandscapeLeft UIInterfaceOrientationLandscapeRight";
				INFOPLIST_KEY_UISupportedInterfaceOrientations_iPhone = "UIInterfaceOrientationPortrait UIInterfaceOrientationLandscapeLeft UIInterfaceOrientationLandscapeRight";
				LD_RUNPATH_SEARCH_PATHS = (
					"$(inherited)",
					"@executable_path/Frameworks",
				);
				MARKETING_VERSION = 1.0;
				PRODUCT_BUNDLE_IDENTIFIER = "Docquity-Intern.Giphy";
				PRODUCT_NAME = "$(TARGET_NAME)";
				SWIFT_EMIT_LOC_STRINGS = YES;
				SWIFT_VERSION = 5.0;
				TARGETED_DEVICE_FAMILY = "1,2";
			};
			name = Release;
		};
		9A3CD0552999FB6900659B63 /* Debug */ = {
			isa = XCBuildConfiguration;
			buildSettings = {
				ALWAYS_EMBED_SWIFT_STANDARD_LIBRARIES = YES;
				BUNDLE_LOADER = "$(TEST_HOST)";
				CODE_SIGN_STYLE = Automatic;
				CURRENT_PROJECT_VERSION = 1;
				GENERATE_INFOPLIST_FILE = YES;
				IPHONEOS_DEPLOYMENT_TARGET = 16.2;
				MARKETING_VERSION = 1.0;
				PRODUCT_BUNDLE_IDENTIFIER = "Docquity-Intern.GiphyTests";
				PRODUCT_NAME = "$(TARGET_NAME)";
				SWIFT_EMIT_LOC_STRINGS = NO;
				SWIFT_VERSION = 5.0;
				TARGETED_DEVICE_FAMILY = "1,2";
				TEST_HOST = "$(BUILT_PRODUCTS_DIR)/Giphy.app/$(BUNDLE_EXECUTABLE_FOLDER_PATH)/Giphy";
			};
			name = Debug;
		};
		9A3CD0562999FB6900659B63 /* Release */ = {
			isa = XCBuildConfiguration;
			buildSettings = {
				ALWAYS_EMBED_SWIFT_STANDARD_LIBRARIES = YES;
				BUNDLE_LOADER = "$(TEST_HOST)";
				CODE_SIGN_STYLE = Automatic;
				CURRENT_PROJECT_VERSION = 1;
				GENERATE_INFOPLIST_FILE = YES;
				IPHONEOS_DEPLOYMENT_TARGET = 16.2;
				MARKETING_VERSION = 1.0;
				PRODUCT_BUNDLE_IDENTIFIER = "Docquity-Intern.GiphyTests";
				PRODUCT_NAME = "$(TARGET_NAME)";
				SWIFT_EMIT_LOC_STRINGS = NO;
				SWIFT_VERSION = 5.0;
				TARGETED_DEVICE_FAMILY = "1,2";
				TEST_HOST = "$(BUILT_PRODUCTS_DIR)/Giphy.app/$(BUNDLE_EXECUTABLE_FOLDER_PATH)/Giphy";
			};
			name = Release;
		};
		9A3CD0582999FB6900659B63 /* Debug */ = {
			isa = XCBuildConfiguration;
			buildSettings = {
				ALWAYS_EMBED_SWIFT_STANDARD_LIBRARIES = YES;
				CODE_SIGN_STYLE = Automatic;
				CURRENT_PROJECT_VERSION = 1;
				GENERATE_INFOPLIST_FILE = YES;
				MARKETING_VERSION = 1.0;
				PRODUCT_BUNDLE_IDENTIFIER = "Docquity-Intern.GiphyUITests";
				PRODUCT_NAME = "$(TARGET_NAME)";
				SWIFT_EMIT_LOC_STRINGS = NO;
				SWIFT_VERSION = 5.0;
				TARGETED_DEVICE_FAMILY = "1,2";
				TEST_TARGET_NAME = Giphy;
			};
			name = Debug;
		};
		9A3CD0592999FB6900659B63 /* Release */ = {
			isa = XCBuildConfiguration;
			buildSettings = {
				ALWAYS_EMBED_SWIFT_STANDARD_LIBRARIES = YES;
				CODE_SIGN_STYLE = Automatic;
				CURRENT_PROJECT_VERSION = 1;
				GENERATE_INFOPLIST_FILE = YES;
				MARKETING_VERSION = 1.0;
				PRODUCT_BUNDLE_IDENTIFIER = "Docquity-Intern.GiphyUITests";
				PRODUCT_NAME = "$(TARGET_NAME)";
				SWIFT_EMIT_LOC_STRINGS = NO;
				SWIFT_VERSION = 5.0;
				TARGETED_DEVICE_FAMILY = "1,2";
				TEST_TARGET_NAME = Giphy;
			};
			name = Release;
		};
/* End XCBuildConfiguration section */

/* Begin XCConfigurationList section */
		9A3CD01F2999FB6400659B63 /* Build configuration list for PBXProject "Giphy" */ = {
			isa = XCConfigurationList;
			buildConfigurations = (
				9A3CD04F2999FB6900659B63 /* Debug */,
				9A3CD0502999FB6900659B63 /* Release */,
			);
			defaultConfigurationIsVisible = 0;
			defaultConfigurationName = Release;
		};
		9A3CD0512999FB6900659B63 /* Build configuration list for PBXNativeTarget "Giphy" */ = {
			isa = XCConfigurationList;
			buildConfigurations = (
				9A3CD0522999FB6900659B63 /* Debug */,
				9A3CD0532999FB6900659B63 /* Release */,
			);
			defaultConfigurationIsVisible = 0;
			defaultConfigurationName = Release;
		};
		9A3CD0542999FB6900659B63 /* Build configuration list for PBXNativeTarget "GiphyTests" */ = {
			isa = XCConfigurationList;
			buildConfigurations = (
				9A3CD0552999FB6900659B63 /* Debug */,
				9A3CD0562999FB6900659B63 /* Release */,
			);
			defaultConfigurationIsVisible = 0;
			defaultConfigurationName = Release;
		};
		9A3CD0572999FB6900659B63 /* Build configuration list for PBXNativeTarget "GiphyUITests" */ = {
			isa = XCConfigurationList;
			buildConfigurations = (
				9A3CD0582999FB6900659B63 /* Debug */,
				9A3CD0592999FB6900659B63 /* Release */,
			);
			defaultConfigurationIsVisible = 0;
			defaultConfigurationName = Release;
		};
/* End XCConfigurationList section */

/* Begin XCVersionGroup section */
		9A3CD0302999FB6400659B63 /* Giphy.xcdatamodeld */ = {
			isa = XCVersionGroup;
			children = (
				9A3CD0312999FB6400659B63 /* Giphy.xcdatamodel */,
			);
			currentVersion = 9A3CD0312999FB6400659B63 /* Giphy.xcdatamodel */;
			path = Giphy.xcdatamodeld;
			sourceTree = "<group>";
			versionGroupType = wrapper.xcdatamodel;
		};
/* End XCVersionGroup section */
	};
	rootObject = 9A3CD01C2999FB6400659B63 /* Project object */;
}
